
Microsoft Visual Studio Solution File, Format Version 12.00
# Visual Studio Version 16
VisualStudioVersion = 16.0.28803.452
MinimumVisualStudioVersion = 10.0.40219.1
Project("{FAE04EC0-301F-11D3-BF4B-00C04F79EFBC}") = "Course", "Course.csproj", "{5E0218B9-864C-4568-9B7D-40F9C7EDC7F3}"
EndProject
Project("{FAE04EC0-301F-11D3-BF4B-00C04F79EFBC}") = "Client", "..\Client\Client.csproj", "{1A3BEBBC-A776-4643-89BD-E7D8D696D3B3}"
EndProject
Global
	GlobalSection(SolutionConfigurationPlatforms) = preSolution
		Debug|Any CPU = Debug|Any CPU
		Release|Any CPU = Release|Any CPU
	EndGlobalSection
	GlobalSection(ProjectConfigurationPlatforms) = postSolution
		{5E0218B9-864C-4568-9B7D-40F9C7EDC7F3}.Debug|Any CPU.ActiveCfg = Debug|Any CPU
		{5E0218B9-864C-4568-9B7D-40F9C7EDC7F3}.Debug|Any CPU.Build.0 = Debug|Any CPU
		{5E0218B9-864C-4568-9B7D-40F9C7EDC7F3}.Release|Any CPU.ActiveCfg = Release|Any CPU
		{5E0218B9-864C-4568-9B7D-40F9C7EDC7F3}.Release|Any CPU.Build.0 = Release|Any CPU
		{1A3BEBBC-A776-4643-89BD-E7D8D696D3B3}.Debug|Any CPU.ActiveCfg = Debug|Any CPU
		{1A3BEBBC-A776-4643-89BD-E7D8D696D3B3}.Debug|Any CPU.Build.0 = Debug|Any CPU
		{1A3BEBBC-A776-4643-89BD-E7D8D696D3B3}.Release|Any CPU.ActiveCfg = Release|Any CPU
		{1A3BEBBC-A776-4643-89BD-E7D8D696D3B3}.Release|Any CPU.Build.0 = Release|Any CPU
	EndGlobalSection
	GlobalSection(SolutionProperties) = preSolution
		HideSolutionNode = FALSE
	EndGlobalSection
	GlobalSection(ExtensibilityGlobals) = postSolution
		SolutionGuid = {B957C707-DB27-4A96-BA14-ECE121E47204}
	EndGlobalSection
EndGlobal
